{
  "lib/solady": {
    "tag": {
      "name": "v0.1.26",
      "rev": "acd959aa4bd04720d640bf4e6a5c71037510cc4b"
    }
  },
  "lib/axelar-gmp-sdk-solidity": {
    "tag": {
      "name": "v6.0.6",
      "rev": "00682b6c3db0cc922ec0c4ea3791852c93d7ae31"
    }
  },
  "lib/devtools": {
    "rev": "5268e9c0c70106a9b74ceaf519ffaa41d8b503ec"
  },
  "lib/LayerZero-v2": {
    "rev": "4645b5795185a196713263311f76a497a3267dcc"
  },
  "lib/solidity-bytes-utils": {
    "rev": "fc502455bb2a7e26a743378df042612dd50d1eb9"
  }
}